
Microsoft Visual Studio Solution File, Format Version 12.00
# Visual Studio 15
VisualStudioVersion = 15.0.26403.7
MinimumVisualStudioVersion = 10.0.40219.1
Project("{FAE04EC0-301F-11D3-BF4B-00C04F79EFBC}") = "RAMCard.WebApi", "RAMCard.WebApi\RAMCard.WebApi.csproj", "{5D3959D5-ACBE-4ECF-8D86-30149D136BD7}"
EndProject
Project("{FAE04EC0-301F-11D3-BF4B-00C04F79EFBC}") = "RAMCard.Managers", "RAMCard.Managers\RAMCard.Managers.csproj", "{C00A03F5-5C48-43BB-9E3C-2FDF81C61A0E}"
EndProject
Project("{FAE04EC0-301F-11D3-BF4B-00C04F79EFBC}") = "RAMCard.Repositories", "RAMCard.Dal\RAMCard.Repositories.csproj", "{2DE1C2D1-0E42-454C-A8F8-8BF6BBF35B9F}"
EndProject
Project("{FAE04EC0-301F-11D3-BF4B-00C04F79EFBC}") = "RAMCard.Domain", "RAMCard.Domain\RAMCard.Domain.csproj", "{40375783-E10B-40A6-BC64-8711902A95BD}"
EndProject
Project("{FAE04EC0-301F-11D3-BF4B-00C04F79EFBC}") = "RAMCard.Infrastructure", "RAMCard.Infrastructure\RAMCard.Infrastructure.csproj", "{AED33566-59C9-4CB2-AF44-1F4E37B6C641}"
EndProject
Global
	GlobalSection(SolutionConfigurationPlatforms) = preSolution
		Debug|Any CPU = Debug|Any CPU
		Release|Any CPU = Release|Any CPU
	EndGlobalSection
	GlobalSection(ProjectConfigurationPlatforms) = postSolution
		{5D3959D5-ACBE-4ECF-8D86-30149D136BD7}.Debug|Any CPU.ActiveCfg = Debug|Any CPU
		{5D3959D5-ACBE-4ECF-8D86-30149D136BD7}.Debug|Any CPU.Build.0 = Debug|Any CPU
		{5D3959D5-ACBE-4ECF-8D86-30149D136BD7}.Release|Any CPU.ActiveCfg = Release|Any CPU
		{5D3959D5-ACBE-4ECF-8D86-30149D136BD7}.Release|Any CPU.Build.0 = Release|Any CPU
		{C00A03F5-5C48-43BB-9E3C-2FDF81C61A0E}.Debug|Any CPU.ActiveCfg = Debug|Any CPU
		{C00A03F5-5C48-43BB-9E3C-2FDF81C61A0E}.Debug|Any CPU.Build.0 = Debug|Any CPU
		{C00A03F5-5C48-43BB-9E3C-2FDF81C61A0E}.Release|Any CPU.ActiveCfg = Release|Any CPU
		{C00A03F5-5C48-43BB-9E3C-2FDF81C61A0E}.Release|Any CPU.Build.0 = Release|Any CPU
		{2DE1C2D1-0E42-454C-A8F8-8BF6BBF35B9F}.Debug|Any CPU.ActiveCfg = Debug|Any CPU
		{2DE1C2D1-0E42-454C-A8F8-8BF6BBF35B9F}.Debug|Any CPU.Build.0 = Debug|Any CPU
		{2DE1C2D1-0E42-454C-A8F8-8BF6BBF35B9F}.Release|Any CPU.ActiveCfg = Release|Any CPU
		{2DE1C2D1-0E42-454C-A8F8-8BF6BBF35B9F}.Release|Any CPU.Build.0 = Release|Any CPU
		{40375783-E10B-40A6-BC64-8711902A95BD}.Debug|Any CPU.ActiveCfg = Debug|Any CPU
		{40375783-E10B-40A6-BC64-8711902A95BD}.Debug|Any CPU.Build.0 = Debug|Any CPU
		{40375783-E10B-40A6-BC64-8711902A95BD}.Release|Any CPU.ActiveCfg = Release|Any CPU
		{40375783-E10B-40A6-BC64-8711902A95BD}.Release|Any CPU.Build.0 = Release|Any CPU
		{AED33566-59C9-4CB2-AF44-1F4E37B6C641}.Debug|Any CPU.ActiveCfg = Debug|Any CPU
		{AED33566-59C9-4CB2-AF44-1F4E37B6C641}.Debug|Any CPU.Build.0 = Debug|Any CPU
		{AED33566-59C9-4CB2-AF44-1F4E37B6C641}.Release|Any CPU.ActiveCfg = Release|Any CPU
		{AED33566-59C9-4CB2-AF44-1F4E37B6C641}.Release|Any CPU.Build.0 = Release|Any CPU
	EndGlobalSection
	GlobalSection(SolutionProperties) = preSolution
		HideSolutionNode = FALSE
	EndGlobalSection
EndGlobal
